
Microsoft Visual Studio Solution File, Format Version 12.00
# Visual Studio Version 16
VisualStudioVersion = 16.0.33529.622
MinimumVisualStudioVersion = 10.0.40219.1
Project("{FAE04EC0-301F-11D3-BF4B-00C04F79EFBC}") = "SolucionPunto17", "SolucionPunto17.csproj", "{7864E2A7-1870-4638-94E6-5EB5255D4A75}"
EndProject
Global
	GlobalSection(SolutionConfigurationPlatforms) = preSolution
		Debug|Any CPU = Debug|Any CPU
		Release|Any CPU = Release|Any CPU
	EndGlobalSection
	GlobalSection(ProjectConfigurationPlatforms) = postSolution
		{7864E2A7-1870-4638-94E6-5EB5255D4A75}.Debug|Any CPU.ActiveCfg = Debug|Any CPU
		{7864E2A7-1870-4638-94E6-5EB5255D4A75}.Debug|Any CPU.Build.0 = Debug|Any CPU
		{7864E2A7-1870-4638-94E6-5EB5255D4A75}.Release|Any CPU.ActiveCfg = Release|Any CPU
		{7864E2A7-1870-4638-94E6-5EB5255D4A75}.Release|Any CPU.Build.0 = Release|Any CPU
	EndGlobalSection
	GlobalSection(SolutionProperties) = preSolution
		HideSolutionNode = FALSE
	EndGlobalSection
	GlobalSection(ExtensibilityGlobals) = postSolution
		SolutionGuid = {73D6598F-594E-4009-A9D6-C8BDDC61A0A1}
	EndGlobalSection
EndGlobal
